<?xml version="1.0" encoding="UTF-8" standalone="yes" ?>
<CodeBlocks_project_file>
	<FileVersion major="1" minor="6" />
	<Project>
		<Option title="REGION_FINDER" />
		<Option pch_mode="2" />
		<Option compiler="gcc" />
		<Build>
			<Target title="Release">
				<Option output="REGION_FINDER.EXE" prefix_auto="0" extension_auto="0" />
				<Option object_output="obj/Release/" />
				<Option type="1" />
				<Option compiler="gcc" />
				<Option parameters="e:/saves/test/region/done0" />
				<Compiler>
					<Add option="-O2" />
				</Compiler>
				<Linker>
					<Add option="-s" />
					<Add library="lib/dwmapi.lib" />
					<Add library="lib/glew32.lib" />
					<Add library="lib/glew32s.lib" />
					<Add library="lib/libavcodec.a" />
					<Add library="lib/libavdevice.a" />
					<Add library="lib/libavfilter.a" />
					<Add library="lib/libavformat.a" />
					<Add library="lib/libavutil.a" />
					<Add library="lib/libFLAC.a" />
					<Add library="lib/libfreeglut_static.a" />
					<Add library="lib/libfreetype.a" />
					<Add library="lib/libgdi32.a" />
					<Add library="lib/libglfw3.a" />
					<Add library="lib/libglu32.a" />
					<Add library="lib/libiconv.a" />
					<Add library="lib/libiphlpapi.a" />
					<Add library="lib/libjpeg.a" />
					<Add library="lib/libkernel32.a" />
					<Add library="lib/libogg.a" />
					<Add library="lib/libopenal32.a" />
					<Add library="lib/libopengl32.a" />
					<Add library="lib/libparser.a" />
					<Add library="lib/libpsapi.a" />
					<Add library="lib/libsfeMovie-s.a" />
					<Add library="lib/libsfml-audio-s.a" />
					<Add library="lib/libsfml-graphics-s.a" />
					<Add library="lib/libsfml-main.a" />
					<Add library="lib/libsfml-network-s.a" />
					<Add library="lib/libsfml-system-s.a" />
					<Add library="lib/libsfml-window-s.a" />
					<Add library="lib/libssp.a" />
					<Add library="lib/libstdc++.a" />
					<Add library="lib/libstdlib.a" />
					<Add library="lib/libswresample.a" />
					<Add library="lib/libswscale.a" />
					<Add library="lib/libversion.a" />
					<Add library="lib/libvorbis.a" />
					<Add library="lib/libvorbisenc.a" />
					<Add library="lib/libvorbisfile.a" />
					<Add library="lib/libwinmm.a" />
					<Add library="lib/libws2_32.a" />
					<Add library="lib/libwsock32.a" />
					<Add library="lib/libz.a" />
				</Linker>
			</Target>
		</Build>
		<Compiler>
			<Add option="-w" />
			<Add directory="include" />
		</Compiler>
		<Linker>
			<Add directory="lib" />
		</Linker>
		<Unit filename="MAIN.CPP" />
		<Extensions>
			<lib_finder disable_auto="1" />
		</Extensions>
	</Project>
</CodeBlocks_project_file>
